
Microsoft Visual Studio Solution File, Format Version 12.00
# Visual Studio Version 17
VisualStudioVersion = 17.4.33403.182
MinimumVisualStudioVersion = 10.0.40219.1
Project("{FAE04EC0-301F-11D3-BF4B-00C04F79EFBC}") = "homework2course2.3", "homework2course2.3\homework2course2.3.csproj", "{248893C5-B3C4-4A81-8CB9-2F9FD19A872F}"
EndProject
Global
	GlobalSection(SolutionConfigurationPlatforms) = preSolution
		Debug|Any CPU = Debug|Any CPU
		Release|Any CPU = Release|Any CPU
	EndGlobalSection
	GlobalSection(ProjectConfigurationPlatforms) = postSolution
		{248893C5-B3C4-4A81-8CB9-2F9FD19A872F}.Debug|Any CPU.ActiveCfg = Debug|Any CPU
		{248893C5-B3C4-4A81-8CB9-2F9FD19A872F}.Debug|Any CPU.Build.0 = Debug|Any CPU
		{248893C5-B3C4-4A81-8CB9-2F9FD19A872F}.Release|Any CPU.ActiveCfg = Release|Any CPU
		{248893C5-B3C4-4A81-8CB9-2F9FD19A872F}.Release|Any CPU.Build.0 = Release|Any CPU
	EndGlobalSection
	GlobalSection(SolutionProperties) = preSolution
		HideSolutionNode = FALSE
	EndGlobalSection
	GlobalSection(ExtensibilityGlobals) = postSolution
		SolutionGuid = {D5B36EA4-C42D-4211-B132-1F05324F7BF0}
	EndGlobalSection
EndGlobal
